
Microsoft Visual Studio Solution File, Format Version 12.00
# Visual Studio Version 17
VisualStudioVersion = 17.14.36804.6 d17.14
MinimumVisualStudioVersion = 10.0.40219.1
Project("{FAE04EC0-301F-11D3-BF4B-00C04F79EFBC}") = "LabProject", "LabProject\LabProject.csproj", "{BDBD7032-947A-434F-8EEC-C430F130B736}"
EndProject
Global
	GlobalSection(SolutionConfigurationPlatforms) = preSolution
		Debug|Any CPU = Debug|Any CPU
		Release|Any CPU = Release|Any CPU
	EndGlobalSection
	GlobalSection(ProjectConfigurationPlatforms) = postSolution
		{BDBD7032-947A-434F-8EEC-C430F130B736}.Debug|Any CPU.ActiveCfg = Debug|Any CPU
		{BDBD7032-947A-434F-8EEC-C430F130B736}.Debug|Any CPU.Build.0 = Debug|Any CPU
		{BDBD7032-947A-434F-8EEC-C430F130B736}.Release|Any CPU.ActiveCfg = Release|Any CPU
		{BDBD7032-947A-434F-8EEC-C430F130B736}.Release|Any CPU.Build.0 = Release|Any CPU
	EndGlobalSection
	GlobalSection(SolutionProperties) = preSolution
		HideSolutionNode = FALSE
	EndGlobalSection
	GlobalSection(ExtensibilityGlobals) = postSolution
		SolutionGuid = {4F2E389E-AEA0-4F8C-A4DC-394315251E1B}
	EndGlobalSection
EndGlobal
